<?xml version="1.0" encoding="utf-8"?>
<Project ToolsVersion="4.0" xmlns="http://schemas.microsoft.com/developer/msbuild/2003">
  <ItemGroup>
    <Filter Include="Source Files">
      <UniqueIdentifier>{4FC737F1-C7A5-4376-A066-2A32D752A2FF}</UniqueIdentifier>
      <Extensions>cpp;c;cc;cxx;def;odl;idl;hpj;bat;asm;asmx</Extensions>
    </Filter>
    <Filter Include="Header Files">
      <UniqueIdentifier>{93995380-89BD-4b04-88EB-625FBE52EBFB}</UniqueIdentifier>
      <Extensions>h;hh;hpp;hxx;hm;inl;inc;xsd</Extensions>
    </Filter>
    <Filter Include="Resource Files">
      <UniqueIdentifier>{67DA6AB6-F800-4c08-8B7A-83BB121AAD01}</UniqueIdentifier>
      <Extensions>rc;ico;cur;bmp;dlg;rc2;rct;bin;rgs;gif;jpg;jpeg;jpe;resx;tiff;tif;png;wav;mfcribbon-ms</Extensions>
    </Filter>
    <Filter Include="Resource Files\shaders">
      <UniqueIdentifier>{71578d5c-c6a6-432b-991e-aa17e0589ea1}</UniqueIdentifier>
    </Filter>
  </ItemGroup>
  <ItemGroup>
    <ClCompile Include="main.cpp">
      <Filter>Source Files</Filter>
    </ClCompile>
    <ClCompile Include="qeasset.cpp">
      <Filter>Source Files</Filter>
    </ClCompile>
    <ClCompile Include="qecamera.cpp">
      <Filter>Source Files</Filter>
    </ClCompile>
    <ClCompile Include="qeglobal.cpp">
      <Filter>Source Files</Filter>
    </ClCompile>
    <ClCompile Include="qelight.cpp">
      <Filter>Source Files</Filter>
    </ClCompile>
    <ClCompile Include="qemath.cpp">
      <Filter>Source Files</Filter>
    </ClCompile>
    <ClCompile Include="qemodel.cpp">
      <Filter>Source Files</Filter>
    </ClCompile>
    <ClCompile Include="qeviewport.cpp">
      <Filter>Source Files</Filter>
    </ClCompile>
    <ClCompile Include="qewindow.cpp">
      <Filter>Source Files</Filter>
    </ClCompile>
    <ClCompile Include="queenengine.cpp">
      <Filter>Source Files</Filter>
    </ClCompile>
    <ClCompile Include="qeobjectmanger.cpp">
      <Filter>Source Files</Filter>
    </ClCompile>
    <ClCompile Include="qevulkan.cpp">
      <Filter>Source Files</Filter>
    </ClCompile>
    <ClCompile Include="qeactivity.cpp">
      <Filter>Source Files</Filter>
    </ClCompile>
    <ClCompile Include="qebillboard.cpp">
      <Filter>Source Files</Filter>
    </ClCompile>
    <ClCompile Include="qeencode.cpp">
      <Filter>Source Files</Filter>
    </ClCompile>
  </ItemGroup>
  <ItemGroup>
    <ClInclude Include="qeasset.h">
      <Filter>Header Files</Filter>
    </ClInclude>
    <ClInclude Include="qecamera.h">
      <Filter>Header Files</Filter>
    </ClInclude>
    <ClInclude Include="qeglobal.h">
      <Filter>Header Files</Filter>
    </ClInclude>
    <ClInclude Include="qeheader.h">
      <Filter>Header Files</Filter>
    </ClInclude>
    <ClInclude Include="qelight.h">
      <Filter>Header Files</Filter>
    </ClInclude>
    <ClInclude Include="qemath.h">
      <Filter>Header Files</Filter>
    </ClInclude>
    <ClInclude Include="qemodel.h">
      <Filter>Header Files</Filter>
    </ClInclude>
    <ClInclude Include="qeviewport.h">
      <Filter>Header Files</Filter>
    </ClInclude>
    <ClInclude Include="qewindow.h">
      <Filter>Header Files</Filter>
    </ClInclude>
    <ClInclude Include="queenengine.h">
      <Filter>Header Files</Filter>
    </ClInclude>
    <ClInclude Include="qeobjectmanger.h">
      <Filter>Header Files</Filter>
    </ClInclude>
    <ClInclude Include="qevulkan.h">
      <Filter>Header Files</Filter>
    </ClInclude>
    <ClInclude Include="qeactivity.h">
      <Filter>Header Files</Filter>
    </ClInclude>
    <ClInclude Include="qebillboard.h">
      <Filter>Header Files</Filter>
    </ClInclude>
    <ClInclude Include="qeencode.h">
      <Filter>Header Files</Filter>
    </ClInclude>
  </ItemGroup>
  <ItemGroup>
    <None Include="..\data\shaders\billboard.geom">
      <Filter>Resource Files\shaders</Filter>
    </None>
    <None Include="..\data\shaders\billboard.frag">
      <Filter>Resource Files\shaders</Filter>
    </None>
    <None Include="..\data\shaders\pbr.frag">
      <Filter>Resource Files\shaders</Filter>
    </None>
    <None Include="..\data\shaders\pbr.geom">
      <Filter>Resource Files\shaders</Filter>
    </None>
    <None Include="..\data\shaders\base.vert">
      <Filter>Resource Files\shaders</Filter>
    </None>
    <None Include="..\data\models\animation.gltf">
      <Filter>Resource Files</Filter>
    </None>
    <None Include="..\data\shaders\phong.frag">
      <Filter>Resource Files\shaders</Filter>
    </None>
    <None Include="..\data\shaders\phong.geom">
      <Filter>Resource Files\shaders</Filter>
    </None>
  </ItemGroup>
  <ItemGroup>
    <Xml Include="..\data\config.xml">
      <Filter>Resource Files</Filter>
    </Xml>
  </ItemGroup>
</Project>