<?xml version="1.0" encoding="utf-8"?>
<Project ToolsVersion="4.0" xmlns="http://schemas.microsoft.com/developer/msbuild/2003">
  <ItemGroup>
    <Filter Include="vulkan">
      <UniqueIdentifier>{abe7bf94-84d7-4bfd-8e7f-906706a5672e}</UniqueIdentifier>
    </Filter>
    <Filter Include="gameobject">
      <UniqueIdentifier>{84266fcc-57c8-4e06-9410-66836c55f884}</UniqueIdentifier>
    </Filter>
    <Filter Include="manager">
      <UniqueIdentifier>{3863facd-5ea9-47b4-a6b3-a4f5464d2a9b}</UniqueIdentifier>
    </Filter>
    <Filter Include="common">
      <UniqueIdentifier>{6a6f1512-3d98-4d13-b180-ede684d05f34}</UniqueIdentifier>
    </Filter>
    <Filter Include="ui">
      <UniqueIdentifier>{c2a5ab2e-fe2b-4276-b5fd-9f364317f461}</UniqueIdentifier>
    </Filter>
    <Filter Include="gameobject\header">
      <UniqueIdentifier>{50671337-0312-4af2-b44a-dbd75aa65906}</UniqueIdentifier>
    </Filter>
    <Filter Include="manager\header">
      <UniqueIdentifier>{c0095d0d-af85-48c5-b7b4-feac2333c836}</UniqueIdentifier>
    </Filter>
    <Filter Include="common\header">
      <UniqueIdentifier>{bbf7e572-800a-4e92-bf4c-fb0067f9a7a5}</UniqueIdentifier>
    </Filter>
    <Filter Include="ui\header">
      <UniqueIdentifier>{c43dbda8-e701-424d-a9a5-1138938dc4f9}</UniqueIdentifier>
    </Filter>
    <Filter Include="vulkan\header">
      <UniqueIdentifier>{d8b8e07b-c25e-4504-be69-cb926a8c52ca}</UniqueIdentifier>
    </Filter>
    <Filter Include="shader">
      <UniqueIdentifier>{32a63205-38ae-4ccd-9bda-b441ccab511e}</UniqueIdentifier>
    </Filter>
    <Filter Include="shader\header">
      <UniqueIdentifier>{8da4acd8-0d36-4d37-936a-ae8a926dcc61}</UniqueIdentifier>
    </Filter>
    <Filter Include="model">
      <UniqueIdentifier>{7f992250-cdeb-4100-b073-782524cb8ff2}</UniqueIdentifier>
    </Filter>
  </ItemGroup>
  <ItemGroup>
    <ClCompile Include="..\src\main.cpp">
      <Filter>manager</Filter>
    </ClCompile>
    <ClCompile Include="..\src\qeanimation.cpp">
      <Filter>gameobject</Filter>
    </ClCompile>
    <ClCompile Include="..\src\qeaxis.cpp">
      <Filter>gameobject</Filter>
    </ClCompile>
    <ClCompile Include="..\src\qecamera.cpp">
      <Filter>gameobject</Filter>
    </ClCompile>
    <ClCompile Include="..\src\qecommand.cpp">
      <Filter>manager</Filter>
    </ClCompile>
    <ClCompile Include="..\src\qecomponent.cpp">
      <Filter>gameobject</Filter>
    </ClCompile>
    <ClCompile Include="..\src\qecubemap.cpp">
      <Filter>gameobject</Filter>
    </ClCompile>
    <ClCompile Include="..\src\qeencode.cpp">
      <Filter>common</Filter>
    </ClCompile>
    <ClCompile Include="..\src\qeglobal.cpp">
      <Filter>manager</Filter>
    </ClCompile>
    <ClCompile Include="..\src\qegraphics.cpp">
      <Filter>vulkan</Filter>
    </ClCompile>
    <ClCompile Include="..\src\qegrid.cpp">
      <Filter>gameobject</Filter>
    </ClCompile>
    <ClCompile Include="..\src\qeinputcontrol.cpp">
      <Filter>gameobject</Filter>
    </ClCompile>
    <ClCompile Include="..\src\qelight.cpp">
      <Filter>gameobject</Filter>
    </ClCompile>
    <ClCompile Include="..\src\qeline.cpp">
      <Filter>gameobject</Filter>
    </ClCompile>
    <ClCompile Include="..\src\qelog.cpp">
      <Filter>common</Filter>
    </ClCompile>
    <ClCompile Include="..\src\qemath.cpp">
      <Filter>common</Filter>
    </ClCompile>
    <ClCompile Include="..\src\qeobject.cpp">
      <Filter>gameobject</Filter>
    </ClCompile>
    <ClCompile Include="..\src\qemodel.cpp">
      <Filter>gameobject</Filter>
    </ClCompile>
    <ClCompile Include="..\src\qematerial.cpp">
      <Filter>gameobject</Filter>
    </ClCompile>
    <ClCompile Include="..\src\qeobjectmanger.cpp">
      <Filter>manager</Filter>
    </ClCompile>
    <ClCompile Include="..\src\qeparticle.cpp">
      <Filter>gameobject</Filter>
    </ClCompile>
    <ClCompile Include="..\src\qeplane.cpp">
      <Filter>gameobject</Filter>
    </ClCompile>
    <ClCompile Include="..\src\qepostprocessing.cpp">
      <Filter>gameobject</Filter>
    </ClCompile>
    <ClCompile Include="..\src\qescene.cpp">
      <Filter>manager</Filter>
    </ClCompile>
    <ClCompile Include="..\src\qetimer.cpp">
      <Filter>common</Filter>
    </ClCompile>
    <ClCompile Include="..\src\qetransform.cpp">
      <Filter>gameobject</Filter>
    </ClCompile>
    <ClCompile Include="..\src\qevulkan.cpp">
      <Filter>vulkan</Filter>
    </ClCompile>
    <ClCompile Include="..\src\qewindow.cpp">
      <Filter>ui</Filter>
    </ClCompile>
    <ClCompile Include="..\src\queenengine.cpp">
      <Filter>manager</Filter>
    </ClCompile>
    <ClCompile Include="..\src\qeasset.cpp">
      <Filter>manager</Filter>
    </ClCompile>
  </ItemGroup>
  <ItemGroup>
    <ClInclude Include="..\src\qeaxis.h">
      <Filter>gameobject\header</Filter>
    </ClInclude>
    <ClInclude Include="..\src\qecamera.h">
      <Filter>gameobject\header</Filter>
    </ClInclude>
    <ClInclude Include="..\src\qecomponent.h">
      <Filter>gameobject\header</Filter>
    </ClInclude>
    <ClInclude Include="..\src\qecubemap.h">
      <Filter>gameobject\header</Filter>
    </ClInclude>
    <ClInclude Include="..\src\qegrid.h">
      <Filter>gameobject\header</Filter>
    </ClInclude>
    <ClInclude Include="..\src\qeinputcontrol.h">
      <Filter>gameobject\header</Filter>
    </ClInclude>
    <ClInclude Include="..\src\qelight.h">
      <Filter>gameobject\header</Filter>
    </ClInclude>
    <ClInclude Include="..\src\qeline.h">
      <Filter>gameobject\header</Filter>
    </ClInclude>
    <ClInclude Include="..\src\qematerial.h">
      <Filter>gameobject\header</Filter>
    </ClInclude>
    <ClInclude Include="..\src\qemodel.h">
      <Filter>gameobject\header</Filter>
    </ClInclude>
    <ClInclude Include="..\src\qeobject.h">
      <Filter>gameobject\header</Filter>
    </ClInclude>
    <ClInclude Include="..\src\qeparticle.h">
      <Filter>gameobject\header</Filter>
    </ClInclude>
    <ClInclude Include="..\src\qeplane.h">
      <Filter>gameobject\header</Filter>
    </ClInclude>
    <ClInclude Include="..\src\qepostprocessing.h">
      <Filter>gameobject\header</Filter>
    </ClInclude>
    <ClInclude Include="..\src\qetransform.h">
      <Filter>gameobject\header</Filter>
    </ClInclude>
    <ClInclude Include="..\src\qeanimation.h">
      <Filter>gameobject\header</Filter>
    </ClInclude>
    <ClInclude Include="..\src\qeasset.h">
      <Filter>manager\header</Filter>
    </ClInclude>
    <ClInclude Include="..\src\qecommand.h">
      <Filter>manager\header</Filter>
    </ClInclude>
    <ClInclude Include="..\src\qeglobal.h">
      <Filter>manager\header</Filter>
    </ClInclude>
    <ClInclude Include="..\src\qeheader.h">
      <Filter>manager\header</Filter>
    </ClInclude>
    <ClInclude Include="..\src\qeobjectmanger.h">
      <Filter>manager\header</Filter>
    </ClInclude>
    <ClInclude Include="..\src\qescene.h">
      <Filter>manager\header</Filter>
    </ClInclude>
    <ClInclude Include="..\src\queenengine.h">
      <Filter>manager\header</Filter>
    </ClInclude>
    <ClInclude Include="..\src\qeencode.h">
      <Filter>common\header</Filter>
    </ClInclude>
    <ClInclude Include="..\src\qelog.h">
      <Filter>common\header</Filter>
    </ClInclude>
    <ClInclude Include="..\src\qemath.h">
      <Filter>common\header</Filter>
    </ClInclude>
    <ClInclude Include="..\src\qetimer.h">
      <Filter>common\header</Filter>
    </ClInclude>
    <ClInclude Include="..\src\qewindow.h">
      <Filter>ui\header</Filter>
    </ClInclude>
    <ClInclude Include="..\src\qegraphics.h">
      <Filter>vulkan\header</Filter>
    </ClInclude>
    <ClInclude Include="..\src\qevulkan.h">
      <Filter>vulkan\header</Filter>
    </ClInclude>
  </ItemGroup>
  <ItemGroup>
    <Xml Include="..\data\config.xml" />
  </ItemGroup>
  <ItemGroup>
    <None Include="..\data\shaders\b2d.geom">
      <Filter>shader</Filter>
    </None>
    <None Include="..\data\shaders\base.geom">
      <Filter>shader</Filter>
    </None>
    <None Include="..\data\shaders\base.tesc">
      <Filter>shader</Filter>
    </None>
    <None Include="..\data\shaders\base.tese">
      <Filter>shader</Filter>
    </None>
    <None Include="..\data\shaders\base.vert">
      <Filter>shader</Filter>
    </None>
    <None Include="..\data\shaders\basem.frag">
      <Filter>shader</Filter>
    </None>
    <None Include="..\data\shaders\basev.frag">
      <Filter>shader</Filter>
    </None>
    <None Include="..\data\shaders\billboard.geom">
      <Filter>shader</Filter>
    </None>
    <None Include="..\data\shaders\bloom.frag">
      <Filter>shader</Filter>
    </None>
    <None Include="..\data\shaders\compile.bat">
      <Filter>shader</Filter>
    </None>
    <None Include="..\data\shaders\cubemap.frag">
      <Filter>shader</Filter>
    </None>
    <None Include="..\data\shaders\cubemapreflect.frag">
      <Filter>shader</Filter>
    </None>
    <None Include="..\data\shaders\grayscale.frag">
      <Filter>shader</Filter>
    </None>
    <None Include="..\data\shaders\line.geom">
      <Filter>shader</Filter>
    </None>
    <None Include="..\data\shaders\outline.geom">
      <Filter>shader</Filter>
    </None>
    <None Include="..\data\shaders\particle.comp">
      <Filter>shader</Filter>
    </None>
    <None Include="..\data\shaders\pbr.frag">
      <Filter>shader</Filter>
    </None>
    <None Include="..\data\shaders\pbr.geom">
      <Filter>shader</Filter>
    </None>
    <None Include="..\data\shaders\pbr.vert">
      <Filter>shader</Filter>
    </None>
    <None Include="..\data\shaders\pbr1.frag">
      <Filter>shader</Filter>
    </None>
    <None Include="..\data\shaders\phong.frag">
      <Filter>shader</Filter>
    </None>
    <None Include="..\data\shaders\phong.geom">
      <Filter>shader</Filter>
    </None>
    <None Include="..\data\shaders\point.vert">
      <Filter>shader</Filter>
    </None>
    <None Include="..\data\shaders\postprocessing.frag">
      <Filter>shader</Filter>
    </None>
    <None Include="..\data\shaders\postprocessing.geom">
      <Filter>shader</Filter>
    </None>
    <None Include="..\data\shaders\raytracing.comp">
      <Filter>shader</Filter>
    </None>
    <None Include="..\data\shaders\skeleton.vert">
      <Filter>shader</Filter>
    </None>
    <None Include="..\data\shaders\texture.frag">
      <Filter>shader</Filter>
    </None>
    <None Include="..\data\shaders\texturem.frag">
      <Filter>shader</Filter>
    </None>
    <None Include="..\data\shaders\texturev.frag">
      <Filter>shader</Filter>
    </None>
    <None Include="..\data\shaders\toon.frag">
      <Filter>shader</Filter>
    </None>
    <None Include="..\data\shaders\triangle.geom">
      <Filter>shader</Filter>
    </None>
    <None Include="..\data\shaders\header.comp">
      <Filter>shader\header</Filter>
    </None>
    <None Include="..\data\shaders\header.frag">
      <Filter>shader\header</Filter>
    </None>
    <None Include="..\data\shaders\header.geom">
      <Filter>shader\header</Filter>
    </None>
    <None Include="..\data\shaders\header.glsl">
      <Filter>shader\header</Filter>
    </None>
    <None Include="..\data\shaders\header.tesc">
      <Filter>shader\header</Filter>
    </None>
    <None Include="..\data\shaders\header.tese">
      <Filter>shader\header</Filter>
    </None>
    <None Include="..\data\shaders\headerIn.vert">
      <Filter>shader\header</Filter>
    </None>
    <None Include="..\data\shaders\headerOut.vert">
      <Filter>shader\header</Filter>
    </None>
    <None Include="..\data\models\animation.gltf">
      <Filter>model</Filter>
    </None>
    <None Include="..\data\models\box.gltf">
      <Filter>model</Filter>
    </None>
    <None Include="..\data\models\sphere.gltf">
      <Filter>model</Filter>
    </None>
    <None Include="..\data\models\sphere2.gltf">
      <Filter>model</Filter>
    </None>
  </ItemGroup>
</Project>